
Microsoft Visual Studio Solution File, Format Version 12.00
# Visual Studio Version 16
VisualStudioVersion = 25.0.1706.3
MinimumVisualStudioVersion = 10.0.40219.1
Project("{FAE04EC0-301F-11D3-BF4B-00C04F79EFBC}") = "1003", "1003\1003.csproj", "{C3AE3B0B-BFA7-4FE7-8F1C-ED7368C55F97}"
EndProject
Global
	GlobalSection(SolutionConfigurationPlatforms) = preSolution
		Debug|Any CPU = Debug|Any CPU
		Release|Any CPU = Release|Any CPU
	EndGlobalSection
	GlobalSection(ProjectConfigurationPlatforms) = postSolution
		{C3AE3B0B-BFA7-4FE7-8F1C-ED7368C55F97}.Debug|Any CPU.ActiveCfg = Debug|Any CPU
		{C3AE3B0B-BFA7-4FE7-8F1C-ED7368C55F97}.Debug|Any CPU.Build.0 = Debug|Any CPU
		{C3AE3B0B-BFA7-4FE7-8F1C-ED7368C55F97}.Release|Any CPU.ActiveCfg = Release|Any CPU
		{C3AE3B0B-BFA7-4FE7-8F1C-ED7368C55F97}.Release|Any CPU.Build.0 = Release|Any CPU
	EndGlobalSection
	GlobalSection(SolutionProperties) = preSolution
		HideSolutionNode = FALSE
	EndGlobalSection
	GlobalSection(ExtensibilityGlobals) = postSolution
		SolutionGuid = {0E20DEF4-9947-41DC-A8E4-27D59914CBF8}
	EndGlobalSection
EndGlobal
